
Microsoft Visual Studio Solution File, Format Version 12.00
# Visual Studio Version 17
VisualStudioVersion = 17.0.31903.59
MinimumVisualStudioVersion = 10.0.40219.1
Project("{2150E333-8FDC-42A3-9474-1A3956D46DE8}") = "src", "src", "{23CD74CD-4735-4DCA-BEFD-6C59FF2D449B}"
EndProject
Project("{FAE04EC0-301F-11D3-BF4B-00C04F79EFBC}") = "CSharpier", "src\CSharpier\CSharpier.csproj", "{EE6A9BDB-8F53-42D4-9EBC-D0DF2BA4F917}"
EndProject
Project("{2150E333-8FDC-42A3-9474-1A3956D46DE8}") = "Solution Items", "Solution Items", "{23C0E400-0A27-43BF-B957-C4245BCA88BC}"
	ProjectSection(SolutionItems) = preProject
		.editorconfig = .editorconfig
	EndProjectSection
EndProject
Global
	GlobalSection(SolutionConfigurationPlatforms) = preSolution
		Debug|Any CPU = Debug|Any CPU
		Release|Any CPU = Release|Any CPU
	EndGlobalSection
	GlobalSection(ProjectConfigurationPlatforms) = postSolution
		{EE6A9BDB-8F53-42D4-9EBC-D0DF2BA4F917}.Debug|Any CPU.ActiveCfg = Debug|Any CPU
		{EE6A9BDB-8F53-42D4-9EBC-D0DF2BA4F917}.Debug|Any CPU.Build.0 = Debug|Any CPU
		{EE6A9BDB-8F53-42D4-9EBC-D0DF2BA4F917}.Release|Any CPU.ActiveCfg = Release|Any CPU
		{EE6A9BDB-8F53-42D4-9EBC-D0DF2BA4F917}.Release|Any CPU.Build.0 = Release|Any CPU
	EndGlobalSection
	GlobalSection(SolutionProperties) = preSolution
		HideSolutionNode = FALSE
	EndGlobalSection
	GlobalSection(NestedProjects) = preSolution
		{EE6A9BDB-8F53-42D4-9EBC-D0DF2BA4F917} = {23CD74CD-4735-4DCA-BEFD-6C59FF2D449B}
	EndGlobalSection
EndGlobal
